// !$*UTF8*$!
{
	archiveVersion = 1;
	classes = {
	};
	objectVersion = 55;
	objects = {

/* Begin PBXBuildFile section */
		08209F4C279038F0006FCE05 /* AppDelegate.swift in Sources */ = {isa = PBXBuildFile; fileRef = 08209F4B279038F0006FCE05 /* AppDelegate.swift */; };
		08209F55279038F1006FCE05 /* Assets.xcassets in Resources */ = {isa = PBXBuildFile; fileRef = 08209F54279038F1006FCE05 /* Assets.xcassets */; };
		08209F58279038F1006FCE05 /* LaunchScreen.storyboard in Resources */ = {isa = PBXBuildFile; fileRef = 08209F56279038F1006FCE05 /* LaunchScreen.storyboard */; };
		08209F6B279039A6006FCE05 /* FeatureCoordinator.swift in Sources */ = {isa = PBXBuildFile; fileRef = 08209F6A279039A6006FCE05 /* FeatureCoordinator.swift */; };
		08209F6E27903A0A006FCE05 /* Coordinator.swift in Sources */ = {isa = PBXBuildFile; fileRef = 08209F6D27903A0A006FCE05 /* Coordinator.swift */; };
		08209F7027903A61006FCE05 /* CombineCancellableHolder.swift in Sources */ = {isa = PBXBuildFile; fileRef = 08209F6F27903A61006FCE05 /* CombineCancellableHolder.swift */; };
		08209F7227903ABE006FCE05 /* AnyPublisher+Extensions.swift in Sources */ = {isa = PBXBuildFile; fileRef = 08209F7127903ABE006FCE05 /* AnyPublisher+Extensions.swift */; };
		08209F7F27904190006FCE05 /* Storyboarded.swift in Sources */ = {isa = PBXBuildFile; fileRef = 08209F7E27904190006FCE05 /* Storyboarded.swift */; };
		08209F8127904219006FCE05 /* Publisher+Sink.swift in Sources */ = {isa = PBXBuildFile; fileRef = 08209F8027904219006FCE05 /* Publisher+Sink.swift */; };
		08209F8427904CD7006FCE05 /* FeatureViewController.swift in Sources */ = {isa = PBXBuildFile; fileRef = 08209F8327904CD7006FCE05 /* FeatureViewController.swift */; };
		08209F8827904CF1006FCE05 /* FeatureViewModel.swift in Sources */ = {isa = PBXBuildFile; fileRef = 08209F8727904CF1006FCE05 /* FeatureViewModel.swift */; };
		08209F8A27904D06006FCE05 /* FeatureFactory.swift in Sources */ = {isa = PBXBuildFile; fileRef = 08209F8927904D06006FCE05 /* FeatureFactory.swift */; };
		08209F8C2790531E006FCE05 /* SwipableNavigationController.swift in Sources */ = {isa = PBXBuildFile; fileRef = 08209F8B2790531E006FCE05 /* SwipableNavigationController.swift */; };
		08209F8F27905385006FCE05 /* PropertyStoring.swift in Sources */ = {isa = PBXBuildFile; fileRef = 08209F8E27905385006FCE05 /* PropertyStoring.swift */; };
		08209F91279053A3006FCE05 /* CancellableResult.swift in Sources */ = {isa = PBXBuildFile; fileRef = 08209F90279053A3006FCE05 /* CancellableResult.swift */; };
		08209F93279053ED006FCE05 /* Publisher+Handling.swift in Sources */ = {isa = PBXBuildFile; fileRef = 08209F92279053ED006FCE05 /* Publisher+Handling.swift */; };
		08F0080A279072DA00772920 /* AppCoordinator.swift in Sources */ = {isa = PBXBuildFile; fileRef = 08209F7327903C34006FCE05 /* AppCoordinator.swift */; };
		08F0080B27907B6C00772920 /* FirstViewModel.swift in Sources */ = {isa = PBXBuildFile; fileRef = 08209F6627903963006FCE05 /* FirstViewModel.swift */; };
		08F0080C27907B6C00772920 /* FirstViewController.swift in Sources */ = {isa = PBXBuildFile; fileRef = 08209F6227903939006FCE05 /* FirstViewController.swift */; };
		08F0080D27907B6C00772920 /* First.storyboard in Resources */ = {isa = PBXBuildFile; fileRef = 08209F6427903952006FCE05 /* First.storyboard */; };
		08F0080E27907B6C00772920 /* FirstFactory.swift in Sources */ = {isa = PBXBuildFile; fileRef = 08209F6827903971006FCE05 /* FirstFactory.swift */; };
		08F008102790962D00772920 /* SceneDelegate.swift in Sources */ = {isa = PBXBuildFile; fileRef = 08F0080F2790962D00772920 /* SceneDelegate.swift */; };
		08F008122791B22D00772920 /* UIControl+Extensions.swift in Sources */ = {isa = PBXBuildFile; fileRef = 08F008112791B22D00772920 /* UIControl+Extensions.swift */; };
		08F008132795874C00772920 /* SecondFactory.swift in Sources */ = {isa = PBXBuildFile; fileRef = 08209F7A27904063006FCE05 /* SecondFactory.swift */; };
		08F008142795874F00772920 /* SecondViewModel.swift in Sources */ = {isa = PBXBuildFile; fileRef = 08209F7827904059006FCE05 /* SecondViewModel.swift */; };
		08F008152795875300772920 /* SecondViewController.swift in Sources */ = {isa = PBXBuildFile; fileRef = 08209F762790404D006FCE05 /* SecondViewController.swift */; };
		08F008162795875B00772920 /* Second.storyboard in Resources */ = {isa = PBXBuildFile; fileRef = 08209F7C27904074006FCE05 /* Second.storyboard */; };
		08F008192795885400772920 /* FinitoViewController.swift in Sources */ = {isa = PBXBuildFile; fileRef = 08F008182795885400772920 /* FinitoViewController.swift */; };
		08F0081D2795887E00772920 /* Finito.storyboard in Resources */ = {isa = PBXBuildFile; fileRef = 08F0081C2795887E00772920 /* Finito.storyboard */; };
/* End PBXBuildFile section */

/* Begin PBXFileReference section */
		08209F48279038F0006FCE05 /* CombineCoordination.app */ = {isa = PBXFileReference; explicitFileType = wrapper.application; includeInIndex = 0; path = CombineCoordination.app; sourceTree = BUILT_PRODUCTS_DIR; };
		08209F4B279038F0006FCE05 /* AppDelegate.swift */ = {isa = PBXFileReference; lastKnownFileType = sourcecode.swift; path = AppDelegate.swift; sourceTree = "<group>"; };
		08209F54279038F1006FCE05 /* Assets.xcassets */ = {isa = PBXFileReference; lastKnownFileType = folder.assetcatalog; path = Assets.xcassets; sourceTree = "<group>"; };
		08209F57279038F1006FCE05 /* Base */ = {isa = PBXFileReference; lastKnownFileType = file.storyboard; name = Base; path = Base.lproj/LaunchScreen.storyboard; sourceTree = "<group>"; };
		08209F59279038F1006FCE05 /* Info.plist */ = {isa = PBXFileReference; lastKnownFileType = text.plist.xml; path = Info.plist; sourceTree = "<group>"; };
		08209F6227903939006FCE05 /* FirstViewController.swift */ = {isa = PBXFileReference; lastKnownFileType = sourcecode.swift; path = FirstViewController.swift; sourceTree = "<group>"; };
		08209F6427903952006FCE05 /* First.storyboard */ = {isa = PBXFileReference; lastKnownFileType = file.storyboard; path = First.storyboard; sourceTree = "<group>"; };
		08209F6627903963006FCE05 /* FirstViewModel.swift */ = {isa = PBXFileReference; lastKnownFileType = sourcecode.swift; path = FirstViewModel.swift; sourceTree = "<group>"; };
		08209F6827903971006FCE05 /* FirstFactory.swift */ = {isa = PBXFileReference; lastKnownFileType = sourcecode.swift; path = FirstFactory.swift; sourceTree = "<group>"; };
		08209F6A279039A6006FCE05 /* FeatureCoordinator.swift */ = {isa = PBXFileReference; lastKnownFileType = sourcecode.swift; path = FeatureCoordinator.swift; sourceTree = "<group>"; };
		08209F6D27903A0A006FCE05 /* Coordinator.swift */ = {isa = PBXFileReference; lastKnownFileType = sourcecode.swift; path = Coordinator.swift; sourceTree = "<group>"; };
		08209F6F27903A61006FCE05 /* CombineCancellableHolder.swift */ = {isa = PBXFileReference; lastKnownFileType = sourcecode.swift; path = CombineCancellableHolder.swift; sourceTree = "<group>"; };
		08209F7127903ABE006FCE05 /* AnyPublisher+Extensions.swift */ = {isa = PBXFileReference; lastKnownFileType = sourcecode.swift; path = "AnyPublisher+Extensions.swift"; sourceTree = "<group>"; };
		08209F7327903C34006FCE05 /* AppCoordinator.swift */ = {isa = PBXFileReference; lastKnownFileType = sourcecode.swift; path = AppCoordinator.swift; sourceTree = "<group>"; };
		08209F762790404D006FCE05 /* SecondViewController.swift */ = {isa = PBXFileReference; lastKnownFileType = sourcecode.swift; path = SecondViewController.swift; sourceTree = "<group>"; };
		08209F7827904059006FCE05 /* SecondViewModel.swift */ = {isa = PBXFileReference; lastKnownFileType = sourcecode.swift; path = SecondViewModel.swift; sourceTree = "<group>"; };
		08209F7A27904063006FCE05 /* SecondFactory.swift */ = {isa = PBXFileReference; lastKnownFileType = sourcecode.swift; path = SecondFactory.swift; sourceTree = "<group>"; };
		08209F7C27904074006FCE05 /* Second.storyboard */ = {isa = PBXFileReference; lastKnownFileType = file.storyboard; path = Second.storyboard; sourceTree = "<group>"; };
		08209F7E27904190006FCE05 /* Storyboarded.swift */ = {isa = PBXFileReference; lastKnownFileType = sourcecode.swift; path = Storyboarded.swift; sourceTree = "<group>"; };
		08209F8027904219006FCE05 /* Publisher+Sink.swift */ = {isa = PBXFileReference; lastKnownFileType = sourcecode.swift; path = "Publisher+Sink.swift"; sourceTree = "<group>"; };
		08209F8327904CD7006FCE05 /* FeatureViewController.swift */ = {isa = PBXFileReference; lastKnownFileType = sourcecode.swift; path = FeatureViewController.swift; sourceTree = "<group>"; };
		08209F8727904CF1006FCE05 /* FeatureViewModel.swift */ = {isa = PBXFileReference; lastKnownFileType = sourcecode.swift; path = FeatureViewModel.swift; sourceTree = "<group>"; };
		08209F8927904D06006FCE05 /* FeatureFactory.swift */ = {isa = PBXFileReference; lastKnownFileType = sourcecode.swift; path = FeatureFactory.swift; sourceTree = "<group>"; };
		08209F8B2790531E006FCE05 /* SwipableNavigationController.swift */ = {isa = PBXFileReference; lastKnownFileType = sourcecode.swift; path = SwipableNavigationController.swift; sourceTree = "<group>"; };
		08209F8E27905385006FCE05 /* PropertyStoring.swift */ = {isa = PBXFileReference; lastKnownFileType = sourcecode.swift; path = PropertyStoring.swift; sourceTree = "<group>"; };
		08209F90279053A3006FCE05 /* CancellableResult.swift */ = {isa = PBXFileReference; lastKnownFileType = sourcecode.swift; path = CancellableResult.swift; sourceTree = "<group>"; };
		08209F92279053ED006FCE05 /* Publisher+Handling.swift */ = {isa = PBXFileReference; lastKnownFileType = sourcecode.swift; path = "Publisher+Handling.swift"; sourceTree = "<group>"; };
		08F0080F2790962D00772920 /* SceneDelegate.swift */ = {isa = PBXFileReference; fileEncoding = 4; lastKnownFileType = sourcecode.swift; path = SceneDelegate.swift; sourceTree = "<group>"; };
		08F008112791B22D00772920 /* UIControl+Extensions.swift */ = {isa = PBXFileReference; lastKnownFileType = sourcecode.swift; path = "UIControl+Extensions.swift"; sourceTree = "<group>"; };
		08F008182795885400772920 /* FinitoViewController.swift */ = {isa = PBXFileReference; lastKnownFileType = sourcecode.swift; path = FinitoViewController.swift; sourceTree = "<group>"; };
		08F0081C2795887E00772920 /* Finito.storyboard */ = {isa = PBXFileReference; lastKnownFileType = file.storyboard; path = Finito.storyboard; sourceTree = "<group>"; };
/* End PBXFileReference section */

/* Begin PBXFrameworksBuildPhase section */
		08209F45279038F0006FCE05 /* Frameworks */ = {
			isa = PBXFrameworksBuildPhase;
			buildActionMask = 2147483647;
			files = (
			);
			runOnlyForDeploymentPostprocessing = 0;
		};
/* End PBXFrameworksBuildPhase section */

/* Begin PBXGroup section */
		08209F3F279038F0006FCE05 = {
			isa = PBXGroup;
			children = (
				08209F4A279038F0006FCE05 /* CombineCoordination */,
				08209F49279038F0006FCE05 /* Products */,
			);
			sourceTree = "<group>";
		};
		08209F49279038F0006FCE05 /* Products */ = {
			isa = PBXGroup;
			children = (
				08209F48279038F0006FCE05 /* CombineCoordination.app */,
			);
			name = Products;
			sourceTree = "<group>";
		};
		08209F4A279038F0006FCE05 /* CombineCoordination */ = {
			isa = PBXGroup;
			children = (
				08209F4B279038F0006FCE05 /* AppDelegate.swift */,
				08F0080F2790962D00772920 /* SceneDelegate.swift */,
				08209F56279038F1006FCE05 /* LaunchScreen.storyboard */,
				08209F6C279039FF006FCE05 /* Utils */,
				08209F5F2790390C006FCE05 /* Coordinator */,
				08209F6027903914006FCE05 /* Screens */,
				08209F54279038F1006FCE05 /* Assets.xcassets */,
				08209F59279038F1006FCE05 /* Info.plist */,
			);
			path = CombineCoordination;
			sourceTree = "<group>";
		};
		08209F5F2790390C006FCE05 /* Coordinator */ = {
			isa = PBXGroup;
			children = (
				08209F7327903C34006FCE05 /* AppCoordinator.swift */,
				08209F6A279039A6006FCE05 /* FeatureCoordinator.swift */,
			);
			path = Coordinator;
			sourceTree = "<group>";
		};
		08209F6027903914006FCE05 /* Screens */ = {
			isa = PBXGroup;
			children = (
				08209F8227904CC0006FCE05 /* OB */,
				08209F6127903920006FCE05 /* First */,
				08209F752790403B006FCE05 /* Second */,
				08F008172795883B00772920 /* Finito */,
			);
			path = Screens;
			sourceTree = "<group>";
		};
		08209F6127903920006FCE05 /* First */ = {
			isa = PBXGroup;
			children = (
				08209F6827903971006FCE05 /* FirstFactory.swift */,
				08209F6627903963006FCE05 /* FirstViewModel.swift */,
				08209F6227903939006FCE05 /* FirstViewController.swift */,
				08209F6427903952006FCE05 /* First.storyboard */,
			);
			path = First;
			sourceTree = "<group>";
		};
		08209F6C279039FF006FCE05 /* Utils */ = {
			isa = PBXGroup;
			children = (
				08209F8D27905372006FCE05 /* Combine */,
				08209F6D27903A0A006FCE05 /* Coordinator.swift */,
				08209F8E27905385006FCE05 /* PropertyStoring.swift */,
				08209F7E27904190006FCE05 /* Storyboarded.swift */,
				08209F8B2790531E006FCE05 /* SwipableNavigationController.swift */,
				08209F90279053A3006FCE05 /* CancellableResult.swift */,
			);
			path = Utils;
			sourceTree = "<group>";
		};
		08209F752790403B006FCE05 /* Second */ = {
			isa = PBXGroup;
			children = (
				08209F7A27904063006FCE05 /* SecondFactory.swift */,
				08209F7827904059006FCE05 /* SecondViewModel.swift */,
				08209F762790404D006FCE05 /* SecondViewController.swift */,
				08209F7C27904074006FCE05 /* Second.storyboard */,
			);
			path = Second;
			sourceTree = "<group>";
		};
		08209F8227904CC0006FCE05 /* OB */ = {
			isa = PBXGroup;
			children = (
				08209F8927904D06006FCE05 /* FeatureFactory.swift */,
				08209F8727904CF1006FCE05 /* FeatureViewModel.swift */,
				08209F8327904CD7006FCE05 /* FeatureViewController.swift */,
			);
			path = OB;
			sourceTree = "<group>";
		};
		08209F8D27905372006FCE05 /* Combine */ = {
			isa = PBXGroup;
			children = (
				08209F6F27903A61006FCE05 /* CombineCancellableHolder.swift */,
				08209F7127903ABE006FCE05 /* AnyPublisher+Extensions.swift */,
				08209F8027904219006FCE05 /* Publisher+Sink.swift */,
				08209F92279053ED006FCE05 /* Publisher+Handling.swift */,
				08F008112791B22D00772920 /* UIControl+Extensions.swift */,
			);
			path = Combine;
			sourceTree = "<group>";
		};
		08F008172795883B00772920 /* Finito */ = {
			isa = PBXGroup;
			children = (
				08F008182795885400772920 /* FinitoViewController.swift */,
				08F0081C2795887E00772920 /* Finito.storyboard */,
			);
			path = Finito;
			sourceTree = "<group>";
		};
/* End PBXGroup section */

/* Begin PBXNativeTarget section */
		08209F47279038F0006FCE05 /* CombineCoordination */ = {
			isa = PBXNativeTarget;
			buildConfigurationList = 08209F5C279038F1006FCE05 /* Build configuration list for PBXNativeTarget "CombineCoordination" */;
			buildPhases = (
				08209F44279038F0006FCE05 /* Sources */,
				08209F45279038F0006FCE05 /* Frameworks */,
				08209F46279038F0006FCE05 /* Resources */,
			);
			buildRules = (
			);
			dependencies = (
			);
			name = CombineCoordination;
			productName = CombineCoordination;
			productReference = 08209F48279038F0006FCE05 /* CombineCoordination.app */;
			productType = "com.apple.product-type.application";
		};
/* End PBXNativeTarget section */

/* Begin PBXProject section */
		08209F40279038F0006FCE05 /* Project object */ = {
			isa = PBXProject;
			attributes = {
				BuildIndependentTargetsInParallel = 1;
				LastSwiftUpdateCheck = 1320;
				LastUpgradeCheck = 1320;
				TargetAttributes = {
					08209F47279038F0006FCE05 = {
						CreatedOnToolsVersion = 13.2.1;
					};
				};
			};
			buildConfigurationList = 08209F43279038F0006FCE05 /* Build configuration list for PBXProject "CombineCoordination" */;
			compatibilityVersion = "Xcode 13.0";
			developmentRegion = en;
			hasScannedForEncodings = 0;
			knownRegions = (
				en,
				Base,
			);
			mainGroup = 08209F3F279038F0006FCE05;
			productRefGroup = 08209F49279038F0006FCE05 /* Products */;
			projectDirPath = "";
			projectRoot = "";
			targets = (
				08209F47279038F0006FCE05 /* CombineCoordination */,
			);
		};
/* End PBXProject section */

/* Begin PBXResourcesBuildPhase section */
		08209F46279038F0006FCE05 /* Resources */ = {
			isa = PBXResourcesBuildPhase;
			buildActionMask = 2147483647;
			files = (
				08F008162795875B00772920 /* Second.storyboard in Resources */,
				08209F58279038F1006FCE05 /* LaunchScreen.storyboard in Resources */,
				08F0081D2795887E00772920 /* Finito.storyboard in Resources */,
				08209F55279038F1006FCE05 /* Assets.xcassets in Resources */,
				08F0080D27907B6C00772920 /* First.storyboard in Resources */,
			);
			runOnlyForDeploymentPostprocessing = 0;
		};
/* End PBXResourcesBuildPhase section */

/* Begin PBXSourcesBuildPhase section */
		08209F44279038F0006FCE05 /* Sources */ = {
			isa = PBXSourcesBuildPhase;
			buildActionMask = 2147483647;
			files = (
				08F008132795874C00772920 /* SecondFactory.swift in Sources */,
				08209F7F27904190006FCE05 /* Storyboarded.swift in Sources */,
				08F0080E27907B6C00772920 /* FirstFactory.swift in Sources */,
				08209F8C2790531E006FCE05 /* SwipableNavigationController.swift in Sources */,
				08F0080A279072DA00772920 /* AppCoordinator.swift in Sources */,
				08209F8427904CD7006FCE05 /* FeatureViewController.swift in Sources */,
				08209F93279053ED006FCE05 /* Publisher+Handling.swift in Sources */,
				08209F6E27903A0A006FCE05 /* Coordinator.swift in Sources */,
				08F0080B27907B6C00772920 /* FirstViewModel.swift in Sources */,
				08209F91279053A3006FCE05 /* CancellableResult.swift in Sources */,
				08F008152795875300772920 /* SecondViewController.swift in Sources */,
				08209F4C279038F0006FCE05 /* AppDelegate.swift in Sources */,
				08209F8127904219006FCE05 /* Publisher+Sink.swift in Sources */,
				08F008192795885400772920 /* FinitoViewController.swift in Sources */,
				08F0080C27907B6C00772920 /* FirstViewController.swift in Sources */,
				08209F7027903A61006FCE05 /* CombineCancellableHolder.swift in Sources */,
				08209F7227903ABE006FCE05 /* AnyPublisher+Extensions.swift in Sources */,
				08209F8827904CF1006FCE05 /* FeatureViewModel.swift in Sources */,
				08F008122791B22D00772920 /* UIControl+Extensions.swift in Sources */,
				08209F8F27905385006FCE05 /* PropertyStoring.swift in Sources */,
				08F008142795874F00772920 /* SecondViewModel.swift in Sources */,
				08F008102790962D00772920 /* SceneDelegate.swift in Sources */,
				08209F8A27904D06006FCE05 /* FeatureFactory.swift in Sources */,
				08209F6B279039A6006FCE05 /* FeatureCoordinator.swift in Sources */,
			);
			runOnlyForDeploymentPostprocessing = 0;
		};
/* End PBXSourcesBuildPhase section */

/* Begin PBXVariantGroup section */
		08209F56279038F1006FCE05 /* LaunchScreen.storyboard */ = {
			isa = PBXVariantGroup;
			children = (
				08209F57279038F1006FCE05 /* Base */,
			);
			name = LaunchScreen.storyboard;
			sourceTree = "<group>";
		};
/* End PBXVariantGroup section */

/* Begin XCBuildConfiguration section */
		08209F5A279038F1006FCE05 /* Debug */ = {
			isa = XCBuildConfiguration;
			buildSettings = {
				ALWAYS_SEARCH_USER_PATHS = NO;
				CLANG_ANALYZER_NONNULL = YES;
				CLANG_ANALYZER_NUMBER_OBJECT_CONVERSION = YES_AGGRESSIVE;
				CLANG_CXX_LANGUAGE_STANDARD = "gnu++17";
				CLANG_CXX_LIBRARY = "libc++";
				CLANG_ENABLE_MODULES = YES;
				CLANG_ENABLE_OBJC_ARC = YES;
				CLANG_ENABLE_OBJC_WEAK = YES;
				CLANG_WARN_BLOCK_CAPTURE_AUTORELEASING = YES;
				CLANG_WARN_BOOL_CONVERSION = YES;
				CLANG_WARN_COMMA = YES;
				CLANG_WARN_CONSTANT_CONVERSION = YES;
				CLANG_WARN_DEPRECATED_OBJC_IMPLEMENTATIONS = YES;
				CLANG_WARN_DIRECT_OBJC_ISA_USAGE = YES_ERROR;
				CLANG_WARN_DOCUMENTATION_COMMENTS = YES;
				CLANG_WARN_EMPTY_BODY = YES;
				CLANG_WARN_ENUM_CONVERSION = YES;
				CLANG_WARN_INFINITE_RECURSION = YES;
				CLANG_WARN_INT_CONVERSION = YES;
				CLANG_WARN_NON_LITERAL_NULL_CONVERSION = YES;
				CLANG_WARN_OBJC_IMPLICIT_RETAIN_SELF = YES;
				CLANG_WARN_OBJC_LITERAL_CONVERSION = YES;
				CLANG_WARN_OBJC_ROOT_CLASS = YES_ERROR;
				CLANG_WARN_QUOTED_INCLUDE_IN_FRAMEWORK_HEADER = YES;
				CLANG_WARN_RANGE_LOOP_ANALYSIS = YES;
				CLANG_WARN_STRICT_PROTOTYPES = YES;
				CLANG_WARN_SUSPICIOUS_MOVE = YES;
				CLANG_WARN_UNGUARDED_AVAILABILITY = YES_AGGRESSIVE;
				CLANG_WARN_UNREACHABLE_CODE = YES;
				CLANG_WARN__DUPLICATE_METHOD_MATCH = YES;
				COPY_PHASE_STRIP = NO;
				DEBUG_INFORMATION_FORMAT = dwarf;
				ENABLE_STRICT_OBJC_MSGSEND = YES;
				ENABLE_TESTABILITY = YES;
				GCC_C_LANGUAGE_STANDARD = gnu11;
				GCC_DYNAMIC_NO_PIC = NO;
				GCC_NO_COMMON_BLOCKS = YES;
				GCC_OPTIMIZATION_LEVEL = 0;
				GCC_PREPROCESSOR_DEFINITIONS = (
					"DEBUG=1",
					"$(inherited)",
				);
				GCC_WARN_64_TO_32_BIT_CONVERSION = YES;
				GCC_WARN_ABOUT_RETURN_TYPE = YES_ERROR;
				GCC_WARN_UNDECLARED_SELECTOR = YES;
				GCC_WARN_UNINITIALIZED_AUTOS = YES_AGGRESSIVE;
				GCC_WARN_UNUSED_FUNCTION = YES;
				GCC_WARN_UNUSED_VARIABLE = YES;
				IPHONEOS_DEPLOYMENT_TARGET = 15.2;
				MTL_ENABLE_DEBUG_INFO = INCLUDE_SOURCE;
				MTL_FAST_MATH = YES;
				ONLY_ACTIVE_ARCH = YES;
				SDKROOT = iphoneos;
				SWIFT_ACTIVE_COMPILATION_CONDITIONS = DEBUG;
				SWIFT_OPTIMIZATION_LEVEL = "-Onone";
			};
			name = Debug;
		};
		08209F5B279038F1006FCE05 /* Release */ = {
			isa = XCBuildConfiguration;
			buildSettings = {
				ALWAYS_SEARCH_USER_PATHS = NO;
				CLANG_ANALYZER_NONNULL = YES;
				CLANG_ANALYZER_NUMBER_OBJECT_CONVERSION = YES_AGGRESSIVE;
				CLANG_CXX_LANGUAGE_STANDARD = "gnu++17";
				CLANG_CXX_LIBRARY = "libc++";
				CLANG_ENABLE_MODULES = YES;
				CLANG_ENABLE_OBJC_ARC = YES;
				CLANG_ENABLE_OBJC_WEAK = YES;
				CLANG_WARN_BLOCK_CAPTURE_AUTORELEASING = YES;
				CLANG_WARN_BOOL_CONVERSION = YES;
				CLANG_WARN_COMMA = YES;
				CLANG_WARN_CONSTANT_CONVERSION = YES;
				CLANG_WARN_DEPRECATED_OBJC_IMPLEMENTATIONS = YES;
				CLANG_WARN_DIRECT_OBJC_ISA_USAGE = YES_ERROR;
				CLANG_WARN_DOCUMENTATION_COMMENTS = YES;
				CLANG_WARN_EMPTY_BODY = YES;
				CLANG_WARN_ENUM_CONVERSION = YES;
				CLANG_WARN_INFINITE_RECURSION = YES;
				CLANG_WARN_INT_CONVERSION = YES;
				CLANG_WARN_NON_LITERAL_NULL_CONVERSION = YES;
				CLANG_WARN_OBJC_IMPLICIT_RETAIN_SELF = YES;
				CLANG_WARN_OBJC_LITERAL_CONVERSION = YES;
				CLANG_WARN_OBJC_ROOT_CLASS = YES_ERROR;
				CLANG_WARN_QUOTED_INCLUDE_IN_FRAMEWORK_HEADER = YES;
				CLANG_WARN_RANGE_LOOP_ANALYSIS = YES;
				CLANG_WARN_STRICT_PROTOTYPES = YES;
				CLANG_WARN_SUSPICIOUS_MOVE = YES;
				CLANG_WARN_UNGUARDED_AVAILABILITY = YES_AGGRESSIVE;
				CLANG_WARN_UNREACHABLE_CODE = YES;
				CLANG_WARN__DUPLICATE_METHOD_MATCH = YES;
				COPY_PHASE_STRIP = NO;
				DEBUG_INFORMATION_FORMAT = "dwarf-with-dsym";
				ENABLE_NS_ASSERTIONS = NO;
				ENABLE_STRICT_OBJC_MSGSEND = YES;
				GCC_C_LANGUAGE_STANDARD = gnu11;
				GCC_NO_COMMON_BLOCKS = YES;
				GCC_WARN_64_TO_32_BIT_CONVERSION = YES;
				GCC_WARN_ABOUT_RETURN_TYPE = YES_ERROR;
				GCC_WARN_UNDECLARED_SELECTOR = YES;
				GCC_WARN_UNINITIALIZED_AUTOS = YES_AGGRESSIVE;
				GCC_WARN_UNUSED_FUNCTION = YES;
				GCC_WARN_UNUSED_VARIABLE = YES;
				IPHONEOS_DEPLOYMENT_TARGET = 15.2;
				MTL_ENABLE_DEBUG_INFO = NO;
				MTL_FAST_MATH = YES;
				SDKROOT = iphoneos;
				SWIFT_COMPILATION_MODE = wholemodule;
				SWIFT_OPTIMIZATION_LEVEL = "-O";
				VALIDATE_PRODUCT = YES;
			};
			name = Release;
		};
		08209F5D279038F1006FCE05 /* Debug */ = {
			isa = XCBuildConfiguration;
			buildSettings = {
				ASSETCATALOG_COMPILER_APPICON_NAME = AppIcon;
				ASSETCATALOG_COMPILER_GLOBAL_ACCENT_COLOR_NAME = AccentColor;
				CODE_SIGN_STYLE = Automatic;
				CURRENT_PROJECT_VERSION = 1;
				DEVELOPMENT_TEAM = NU6K42S2Q4;
				GENERATE_INFOPLIST_FILE = YES;
				INFOPLIST_FILE = CombineCoordination/Info.plist;
				INFOPLIST_KEY_UIApplicationSupportsIndirectInputEvents = YES;
				INFOPLIST_KEY_UILaunchStoryboardName = LaunchScreen;
				INFOPLIST_KEY_UISupportedInterfaceOrientations_iPad = "UIInterfaceOrientationPortrait UIInterfaceOrientationPortraitUpsideDown UIInterfaceOrientationLandscapeLeft UIInterfaceOrientationLandscapeRight";
				INFOPLIST_KEY_UISupportedInterfaceOrientations_iPhone = "UIInterfaceOrientationPortrait UIInterfaceOrientationLandscapeLeft UIInterfaceOrientationLandscapeRight";
				LD_RUNPATH_SEARCH_PATHS = (
					"$(inherited)",
					"@executable_path/Frameworks",
				);
				MARKETING_VERSION = 1.0;
				PRODUCT_BUNDLE_IDENTIFIER = com.mazesys.CombineCoordination;
				PRODUCT_NAME = "$(TARGET_NAME)";
				SWIFT_EMIT_LOC_STRINGS = YES;
				SWIFT_VERSION = 5.0;
				TARGETED_DEVICE_FAMILY = "1,2";
			};
			name = Debug;
		};
		08209F5E279038F1006FCE05 /* Release */ = {
			isa = XCBuildConfiguration;
			buildSettings = {
				ASSETCATALOG_COMPILER_APPICON_NAME = AppIcon;
				ASSETCATALOG_COMPILER_GLOBAL_ACCENT_COLOR_NAME = AccentColor;
				CODE_SIGN_STYLE = Automatic;
				CURRENT_PROJECT_VERSION = 1;
				DEVELOPMENT_TEAM = NU6K42S2Q4;
				GENERATE_INFOPLIST_FILE = YES;
				INFOPLIST_FILE = CombineCoordination/Info.plist;
				INFOPLIST_KEY_UIApplicationSupportsIndirectInputEvents = YES;
				INFOPLIST_KEY_UILaunchStoryboardName = LaunchScreen;
				INFOPLIST_KEY_UISupportedInterfaceOrientations_iPad = "UIInterfaceOrientationPortrait UIInterfaceOrientationPortraitUpsideDown UIInterfaceOrientationLandscapeLeft UIInterfaceOrientationLandscapeRight";
				INFOPLIST_KEY_UISupportedInterfaceOrientations_iPhone = "UIInterfaceOrientationPortrait UIInterfaceOrientationLandscapeLeft UIInterfaceOrientationLandscapeRight";
				LD_RUNPATH_SEARCH_PATHS = (
					"$(inherited)",
					"@executable_path/Frameworks",
				);
				MARKETING_VERSION = 1.0;
				PRODUCT_BUNDLE_IDENTIFIER = com.mazesys.CombineCoordination;
				PRODUCT_NAME = "$(TARGET_NAME)";
				SWIFT_EMIT_LOC_STRINGS = YES;
				SWIFT_VERSION = 5.0;
				TARGETED_DEVICE_FAMILY = "1,2";
			};
			name = Release;
		};
/* End XCBuildConfiguration section */

/* Begin XCConfigurationList section */
		08209F43279038F0006FCE05 /* Build configuration list for PBXProject "CombineCoordination" */ = {
			isa = XCConfigurationList;
			buildConfigurations = (
				08209F5A279038F1006FCE05 /* Debug */,
				08209F5B279038F1006FCE05 /* Release */,
			);
			defaultConfigurationIsVisible = 0;
			defaultConfigurationName = Release;
		};
		08209F5C279038F1006FCE05 /* Build configuration list for PBXNativeTarget "CombineCoordination" */ = {
			isa = XCConfigurationList;
			buildConfigurations = (
				08209F5D279038F1006FCE05 /* Debug */,
				08209F5E279038F1006FCE05 /* Release */,
			);
			defaultConfigurationIsVisible = 0;
			defaultConfigurationName = Release;
		};
/* End XCConfigurationList section */
	};
	rootObject = 08209F40279038F0006FCE05 /* Project object */;
}
